
Microsoft Visual Studio Solution File, Format Version 12.00
# Visual Studio Version 17
VisualStudioVersion = 17.7.34202.233
MinimumVisualStudioVersion = 10.0.40219.1
Project("{8BC9CEB8-8B4A-11D0-8D11-00A0C91BC942}") = "Conway's Game of Life", "Conway's Game of Life\Conway's Game of Life.vcxproj", "{121F9833-EA62-4B98-9B7C-709E0F8DDFFB}"
EndProject
Global
	GlobalSection(SolutionConfigurationPlatforms) = preSolution
		Debug|x64 = Debug|x64
		Debug|x86 = Debug|x86
		Release|x64 = Release|x64
		Release|x86 = Release|x86
	EndGlobalSection
	GlobalSection(ProjectConfigurationPlatforms) = postSolution
		{121F9833-EA62-4B98-9B7C-709E0F8DDFFB}.Debug|x64.ActiveCfg = Debug|x64
		{121F9833-EA62-4B98-9B7C-709E0F8DDFFB}.Debug|x64.Build.0 = Debug|x64
		{121F9833-EA62-4B98-9B7C-709E0F8DDFFB}.Debug|x86.ActiveCfg = Debug|Win32
		{121F9833-EA62-4B98-9B7C-709E0F8DDFFB}.Debug|x86.Build.0 = Debug|Win32
		{121F9833-EA62-4B98-9B7C-709E0F8DDFFB}.Release|x64.ActiveCfg = Release|x64
		{121F9833-EA62-4B98-9B7C-709E0F8DDFFB}.Release|x64.Build.0 = Release|x64
		{121F9833-EA62-4B98-9B7C-709E0F8DDFFB}.Release|x86.ActiveCfg = Release|Win32
		{121F9833-EA62-4B98-9B7C-709E0F8DDFFB}.Release|x86.Build.0 = Release|Win32
	EndGlobalSection
	GlobalSection(SolutionProperties) = preSolution
		HideSolutionNode = FALSE
	EndGlobalSection
	GlobalSection(ExtensibilityGlobals) = postSolution
		SolutionGuid = {233EA6FD-561D-4DF7-BD00-947B0EEF3AFE}
	EndGlobalSection
EndGlobal
